Microsoft Visual Studio Solution File, Format Version 12.00
# Visual Studio Version 17
Project("{9A19103F-16F7-4668-BE54-9A1E7A4F7556}") = "Relo.Core", "src\Relo.Core\Relo.Core.csproj", "{6F1E2A94-0B1B-4C64-9C1E-1D0A7C7B0001}"
EndProject
Project("{9A19103F-16F7-4668-BE54-9A1E7A4F7556}") = "Relo.Core.Tests", "tests\Relo.Core.Tests\Relo.Core.Tests.csproj", "{6F1E2A94-0B1B-4C64-9C1E-1D0A7C7B0002}"
EndProject
Global
	GlobalSection(SolutionConfigurationPlatforms) = preSolution
		Debug|Any CPU = Debug|Any CPU
		Release|Any CPU = Release|Any CPU
	EndGlobalSection
	GlobalSection(ProjectConfigurationPlatforms) = postSolution
		{6F1E2A94-0B1B-4C64-9C1E-1D0A7C7B0001}.Debug|Any CPU.ActiveCfg = Debug|Any CPU
		{6F1E2A94-0B1B-4C64-9C1E-1D0A7C7B0001}.Debug|Any CPU.Build.0 = Debug|Any CPU
		{6F1E2A94-0B1B-4C64-9C1E-1D0A7C7B0001}.Release|Any CPU.ActiveCfg = Release|Any CPU
		{6F1E2A94-0B1B-4C64-9C1E-1D0A7C7B0001}.Release|Any CPU.Build.0 = Release|Any CPU
		{6F1E2A94-0B1B-4C64-9C1E-1D0A7C7B0002}.Debug|Any CPU.ActiveCfg = Debug|Any CPU
		{6F1E2A94-0B1B-4C64-9C1E-1D0A7C7B0002}.Debug|Any CPU.Build.0 = Debug|Any CPU
		{6F1E2A94-0B1B-4C64-9C1E-1D0A7C7B0002}.Release|Any CPU.ActiveCfg = Release|Any CPU
		{6F1E2A94-0B1B-4C64-9C1E-1D0A7C7B0002}.Release|Any CPU.Build.0 = Release|Any CPU
	EndGlobalSection
EndGlobal
