// !$*UTF8*$!
{
	archiveVersion = 1;
	classes = {
	};
	objectVersion = 56;
	objects = {

/* Begin PBXBuildFile section */
		AAAABBBB0000000000000011 /* TockApp.swift in Sources */ = {isa = PBXBuildFile; fileRef = 222222220000000000000008 /* TockApp.swift */; };
		AAAABBBB0000000000000012 /* TockModel.swift in Sources */ = {isa = PBXBuildFile; fileRef = 333333330000000000000009 /* TockModel.swift */; };
		AAAABBBB0000000000000013 /* TockMenuView.swift in Sources */ = {isa = PBXBuildFile; fileRef = 44444444000000000000000A /* TockMenuView.swift */; };
		AAAABBBB0000000000000014 /* Assets.xcassets in Resources */ = {isa = PBXBuildFile; fileRef = 55555555000000000000000B /* Assets.xcassets */; };
		AAAABBBB0000000000000015 /* Preview Assets.xcassets in Resources */ = {isa = PBXBuildFile; fileRef = 77777777000000000000000D /* Preview Assets.xcassets */; };
		AAAABBBB0000000000000017 /* AppDelegate.swift in Sources */ = {isa = PBXBuildFile; fileRef = 131313130000000000000013 /* AppDelegate.swift */; };
		AAAABBBB0000000000000018 /* MenuDismissAction.swift in Sources */ = {isa = PBXBuildFile; fileRef = 141414140000000000000014 /* MenuDismissAction.swift */; };
		AAAABBBB0000000000000019 /* AppIcon.icns in Resources */ = {isa = PBXBuildFile; fileRef = 151515150000000000000015 /* AppIcon.icns */; };
		AAAABBBB0000000000000020 /* TockSettings.swift in Sources */ = {isa = PBXBuildFile; fileRef = 161616160000000000000016 /* TockSettings.swift */; };
		AAAABBBB0000000000000021 /* TockSettingsView.swift in Sources */ = {isa = PBXBuildFile; fileRef = 171717170000000000000017 /* TockSettingsView.swift */; };
		AAAABBBB0000000000000022 /* Sounds/alarm-frenzy.wav in Resources */ = {isa = PBXBuildFile; fileRef = 181818180000000000000018 /* Sounds/alarm-frenzy.wav */; };
		AAAABBBB0000000000000023 /* Sounds/discreet.wav in Resources */ = {isa = PBXBuildFile; fileRef = 191919190000000000000019 /* Sounds/discreet.wav */; };
		AAAABBBB0000000000000024 /* Sounds/fingerlicking.wav in Resources */ = {isa = PBXBuildFile; fileRef = 1A1A1A1A000000000000001A /* Sounds/fingerlicking.wav */; };
		AAAABBBB0000000000000025 /* Sounds/glad-to-know.wav in Resources */ = {isa = PBXBuildFile; fileRef = 1B1B1B1B000000000000001B /* Sounds/glad-to-know.wav */; };
		AAAABBBB0000000000000026 /* Sounds/good-morning.wav in Resources */ = {isa = PBXBuildFile; fileRef = 1C1C1C1C000000000000001C /* Sounds/good-morning.wav */; };
		AAAABBBB0000000000000027 /* SettingsWindowController.swift in Sources */ = {isa = PBXBuildFile; fileRef = 1D1D1D1D000000000000001D /* SettingsWindowController.swift */; };
		AAAABBBB0000000000000028 /* Sounds/joyous-chime.wav in Resources */ = {isa = PBXBuildFile; fileRef = 1E1E1E1E000000000000001E /* Sounds/joyous-chime.wav */; };
		AAAABBBB0000000000000029 /* Sounds/light-hearted.wav in Resources */ = {isa = PBXBuildFile; fileRef = 1F1F1F1F000000000000001F /* Sounds/light-hearted.wav */; };
		AAAABBBB0000000000000030 /* Sounds/open-your-eyes.wav in Resources */ = {isa = PBXBuildFile; fileRef = 202020200000000000000020 /* Sounds/open-your-eyes.wav */; };
		AAAABBBB0000000000000031 /* Sounds/rush.wav in Resources */ = {isa = PBXBuildFile; fileRef = 212121210000000000000021 /* Sounds/rush.wav */; };
		AAAABBBB0000000000000032 /* Sounds/wailing.wav in Resources */ = {isa = PBXBuildFile; fileRef = 232323230000000000000023 /* Sounds/wailing.wav */; };
		AAAABBBB0000000000000033 /* Sounds/whistling.wav in Resources */ = {isa = PBXBuildFile; fileRef = 242424240000000000000024 /* Sounds/whistling.wav */; };
		AAAABBBB0000000000000034 /* Sounds/wake-up.wav in Resources */ = {isa = PBXBuildFile; fileRef = 252525250000000000000025 /* Sounds/wake-up.wav */; };
		AAAABBBB0000000000000035 /* Hotkey.swift in Sources */ = {isa = PBXBuildFile; fileRef = 262626260000000000000026 /* Hotkey.swift */; };
		AAAABBBB0000000000000036 /* HotkeyAction.swift in Sources */ = {isa = PBXBuildFile; fileRef = 272727270000000000000027 /* HotkeyAction.swift */; };
		AAAABBBB0000000000000038 /* KeyboardShortcutsNames.swift in Sources */ = {isa = PBXBuildFile; fileRef = 292929290000000000000029 /* KeyboardShortcutsNames.swift */; };
		AAAABBBB0000000000000039 /* KeyboardShortcuts in Frameworks */ = {isa = PBXBuildFile; productRef = 3A3A3A3A000000000000003A /* KeyboardShortcuts */; };
		AAAABBBB000000000000003A /* KeyboardShortcutsRecorderRepresentable.swift in Sources */ = {isa = PBXBuildFile; fileRef = 2A2A2A2A000000000000002A /* KeyboardShortcutsRecorderRepresentable.swift */; };
		AAAABBBB0000000000000040 /* NotificationIdentifiers.swift in Sources */ = {isa = PBXBuildFile; fileRef = 343434340000000000000034 /* NotificationIdentifiers.swift */; };
/* End PBXBuildFile section */

/* Begin PBXFileReference section */
		131313130000000000000013 /* AppDelegate.swift */ = {isa = PBXFileReference; lastKnownFileType = sourcecode.swift; path = AppDelegate.swift; sourceTree = "<group>"; };
		141414140000000000000014 /* MenuDismissAction.swift */ = {isa = PBXFileReference; lastKnownFileType = sourcecode.swift; path = MenuDismissAction.swift; sourceTree = "<group>"; };
		151515150000000000000015 /* AppIcon.icns */ = {isa = PBXFileReference; lastKnownFileType = image.icns; path = AppIcon.icns; sourceTree = "<group>"; };
		161616160000000000000016 /* TockSettings.swift */ = {isa = PBXFileReference; lastKnownFileType = sourcecode.swift; path = TockSettings.swift; sourceTree = "<group>"; };
		171717170000000000000017 /* TockSettingsView.swift */ = {isa = PBXFileReference; lastKnownFileType = sourcecode.swift; path = TockSettingsView.swift; sourceTree = "<group>"; };
		181818180000000000000018 /* Sounds/alarm-frenzy.wav */ = {isa = PBXFileReference; lastKnownFileType = audio.wav; path = "Sounds/alarm-frenzy.wav"; sourceTree = "<group>"; };
		191919190000000000000019 /* Sounds/discreet.wav */ = {isa = PBXFileReference; lastKnownFileType = audio.wav; path = Sounds/discreet.wav; sourceTree = "<group>"; };
		1A1A1A1A000000000000001A /* Sounds/fingerlicking.wav */ = {isa = PBXFileReference; lastKnownFileType = audio.wav; path = Sounds/fingerlicking.wav; sourceTree = "<group>"; };
		1B1B1B1B000000000000001B /* Sounds/glad-to-know.wav */ = {isa = PBXFileReference; lastKnownFileType = audio.wav; path = "Sounds/glad-to-know.wav"; sourceTree = "<group>"; };
		1C1C1C1C000000000000001C /* Sounds/good-morning.wav */ = {isa = PBXFileReference; lastKnownFileType = audio.wav; path = "Sounds/good-morning.wav"; sourceTree = "<group>"; };
		1D1D1D1D000000000000001D /* SettingsWindowController.swift */ = {isa = PBXFileReference; lastKnownFileType = sourcecode.swift; path = SettingsWindowController.swift; sourceTree = "<group>"; };
		1E1E1E1E000000000000001E /* Sounds/joyous-chime.wav */ = {isa = PBXFileReference; lastKnownFileType = audio.wav; path = "Sounds/joyous-chime.wav"; sourceTree = "<group>"; };
		1F1F1F1F000000000000001F /* Sounds/light-hearted.wav */ = {isa = PBXFileReference; lastKnownFileType = audio.wav; path = "Sounds/light-hearted.wav"; sourceTree = "<group>"; };
		202020200000000000000020 /* Sounds/open-your-eyes.wav */ = {isa = PBXFileReference; lastKnownFileType = audio.wav; path = "Sounds/open-your-eyes.wav"; sourceTree = "<group>"; };
		212121210000000000000021 /* Sounds/rush.wav */ = {isa = PBXFileReference; lastKnownFileType = audio.wav; path = Sounds/rush.wav; sourceTree = "<group>"; };
		222222220000000000000008 /* TockApp.swift */ = {isa = PBXFileReference; lastKnownFileType = sourcecode.swift; path = TockApp.swift; sourceTree = "<group>"; };
		232323230000000000000023 /* Sounds/wailing.wav */ = {isa = PBXFileReference; lastKnownFileType = audio.wav; path = Sounds/wailing.wav; sourceTree = "<group>"; };
		242424240000000000000024 /* Sounds/whistling.wav */ = {isa = PBXFileReference; lastKnownFileType = audio.wav; path = Sounds/whistling.wav; sourceTree = "<group>"; };
		252525250000000000000025 /* Sounds/wake-up.wav */ = {isa = PBXFileReference; lastKnownFileType = audio.wav; path = "Sounds/wake-up.wav"; sourceTree = "<group>"; };
		262626260000000000000026 /* Hotkey.swift */ = {isa = PBXFileReference; lastKnownFileType = sourcecode.swift; path = Hotkey.swift; sourceTree = "<group>"; };
		272727270000000000000027 /* HotkeyAction.swift */ = {isa = PBXFileReference; lastKnownFileType = sourcecode.swift; path = HotkeyAction.swift; sourceTree = "<group>"; };
		292929290000000000000029 /* KeyboardShortcutsNames.swift */ = {isa = PBXFileReference; lastKnownFileType = sourcecode.swift; path = KeyboardShortcutsNames.swift; sourceTree = "<group>"; };
		2A2A2A2A000000000000002A /* KeyboardShortcutsRecorderRepresentable.swift */ = {isa = PBXFileReference; lastKnownFileType = sourcecode.swift; path = KeyboardShortcutsRecorderRepresentable.swift; sourceTree = "<group>"; };
		333333330000000000000009 /* TockModel.swift */ = {isa = PBXFileReference; lastKnownFileType = sourcecode.swift; path = TockModel.swift; sourceTree = "<group>"; };
		343434340000000000000034 /* NotificationIdentifiers.swift */ = {isa = PBXFileReference; lastKnownFileType = sourcecode.swift; path = NotificationIdentifiers.swift; sourceTree = "<group>"; };
		44444444000000000000000A /* TockMenuView.swift */ = {isa = PBXFileReference; lastKnownFileType = sourcecode.swift; path = TockMenuView.swift; sourceTree = "<group>"; };
		55555555000000000000000B /* Assets.xcassets */ = {isa = PBXFileReference; lastKnownFileType = folder.assetcatalog; path = Assets.xcassets; sourceTree = "<group>"; };
		77777777000000000000000D /* Preview Assets.xcassets */ = {isa = PBXFileReference; lastKnownFileType = folder.assetcatalog; path = "Preview Assets.xcassets"; sourceTree = "<group>"; };
		88888888000000000000000E /* Info.plist */ = {isa = PBXFileReference; lastKnownFileType = text.plist.xml; path = Info.plist; sourceTree = "<group>"; };
		99999999000000000000000F /* Tock.app */ = {isa = PBXFileReference; explicitFileType = wrapper.application; path = Tock.app; sourceTree = BUILT_PRODUCTS_DIR; };
/* End PBXFileReference section */

/* Begin PBXFrameworksBuildPhase section */
		111111110000000000000007 /* Frameworks */ = {
			isa = PBXFrameworksBuildPhase;
			buildActionMask = 2147483647;
			files = (
				AAAABBBB0000000000000039 /* KeyboardShortcuts in Frameworks */,
			);
			runOnlyForDeploymentPostprocessing = 0;
		};
/* End PBXFrameworksBuildPhase section */

/* Begin PBXGroup section */
		66666666000000000000000C /* Preview Content */ = {
			isa = PBXGroup;
			children = (
				77777777000000000000000D /* Preview Assets.xcassets */,
			);
			path = "Preview Content";
			sourceTree = "<group>";
		};
		ABCDEFAB0000000000000010 /* Tock */ = {
			isa = PBXGroup;
			children = (
				222222220000000000000008 /* TockApp.swift */,
				131313130000000000000013 /* AppDelegate.swift */,
				333333330000000000000009 /* TockModel.swift */,
				44444444000000000000000A /* TockMenuView.swift */,
				343434340000000000000034 /* NotificationIdentifiers.swift */,
				161616160000000000000016 /* TockSettings.swift */,
				171717170000000000000017 /* TockSettingsView.swift */,
				262626260000000000000026 /* Hotkey.swift */,
				272727270000000000000027 /* HotkeyAction.swift */,
				292929290000000000000029 /* KeyboardShortcutsNames.swift */,
				2A2A2A2A000000000000002A /* KeyboardShortcutsRecorderRepresentable.swift */,
				1D1D1D1D000000000000001D /* SettingsWindowController.swift */,
				141414140000000000000014 /* MenuDismissAction.swift */,
				151515150000000000000015 /* AppIcon.icns */,
				181818180000000000000018 /* Sounds/alarm-frenzy.wav */,
				191919190000000000000019 /* Sounds/discreet.wav */,
				1A1A1A1A000000000000001A /* Sounds/fingerlicking.wav */,
				1B1B1B1B000000000000001B /* Sounds/glad-to-know.wav */,
				1C1C1C1C000000000000001C /* Sounds/good-morning.wav */,
				1E1E1E1E000000000000001E /* Sounds/joyous-chime.wav */,
				1F1F1F1F000000000000001F /* Sounds/light-hearted.wav */,
				202020200000000000000020 /* Sounds/open-your-eyes.wav */,
				212121210000000000000021 /* Sounds/rush.wav */,
				232323230000000000000023 /* Sounds/wailing.wav */,
				252525250000000000000025 /* Sounds/wake-up.wav */,
				242424240000000000000024 /* Sounds/whistling.wav */,
				55555555000000000000000B /* Assets.xcassets */,
				66666666000000000000000C /* Preview Content */,
				88888888000000000000000E /* Info.plist */,
			);
			path = Tock;
			sourceTree = "<group>";
		};
		BBBBBBBB0000000000000002 = {
			isa = PBXGroup;
			children = (
				ABCDEFAB0000000000000010 /* Tock */,
				CCCCCCCC0000000000000003 /* Products */,
			);
			sourceTree = "<group>";
		};
		CCCCCCCC0000000000000003 /* Products */ = {
			isa = PBXGroup;
			children = (
				99999999000000000000000F /* Tock.app */,
			);
			name = Products;
			sourceTree = "<group>";
		};
/* End PBXGroup section */

/* Begin PBXNativeTarget section */
		DDDDDDDD0000000000000004 /* Tock */ = {
			isa = PBXNativeTarget;
			buildConfigurationList = C2C2C2C200000000000000C2 /* Build configuration list for PBXNativeTarget "Tock" */;
			buildPhases = (
				EEEEEEEE0000000000000005 /* Sources */,
				FFFFFFFF0000000000000006 /* Resources */,
				111111110000000000000007 /* Frameworks */,
			);
			buildRules = (
			);
			dependencies = (
			);
			name = Tock;
			packageProductDependencies = (
				3A3A3A3A000000000000003A /* KeyboardShortcuts */,
			);
			productName = Tock;
			productReference = 99999999000000000000000F /* Tock.app */;
			productType = "com.apple.product-type.application";
		};
/* End PBXNativeTarget section */

/* Begin PBXProject section */
		AAAAAAAA0000000000000001 /* Project object */ = {
			isa = PBXProject;
			attributes = {
				BuildIndependentTargetsInParallel = 1;
				LastSwiftUpdateCheck = 1500;
				LastUpgradeCheck = 2620;
			};
			buildConfigurationList = C1C1C1C100000000000000C1 /* Build configuration list for PBXProject "Tock" */;
			compatibilityVersion = "Xcode 14.0";
			developmentRegion = en;
			hasScannedForEncodings = 0;
			knownRegions = (
				en,
				Base,
			);
			mainGroup = BBBBBBBB0000000000000002;
			packageReferences = (
				3B3B3B3B000000000000003B /* XCRemoteSwiftPackageReference "KeyboardShortcuts" */,
			);
			productRefGroup = CCCCCCCC0000000000000003 /* Products */;
			projectDirPath = "";
			projectRoot = "";
			targets = (
				DDDDDDDD0000000000000004 /* Tock */,
			);
		};
/* End PBXProject section */

/* Begin PBXResourcesBuildPhase section */
		FFFFFFFF0000000000000006 /* Resources */ = {
			isa = PBXResourcesBuildPhase;
			buildActionMask = 2147483647;
			files = (
				AAAABBBB0000000000000014 /* Assets.xcassets in Resources */,
				AAAABBBB0000000000000015 /* Preview Assets.xcassets in Resources */,
				AAAABBBB0000000000000019 /* AppIcon.icns in Resources */,
				AAAABBBB0000000000000022 /* Sounds/alarm-frenzy.wav in Resources */,
				AAAABBBB0000000000000023 /* Sounds/discreet.wav in Resources */,
				AAAABBBB0000000000000024 /* Sounds/fingerlicking.wav in Resources */,
				AAAABBBB0000000000000025 /* Sounds/glad-to-know.wav in Resources */,
				AAAABBBB0000000000000026 /* Sounds/good-morning.wav in Resources */,
				AAAABBBB0000000000000028 /* Sounds/joyous-chime.wav in Resources */,
				AAAABBBB0000000000000029 /* Sounds/light-hearted.wav in Resources */,
				AAAABBBB0000000000000030 /* Sounds/open-your-eyes.wav in Resources */,
				AAAABBBB0000000000000031 /* Sounds/rush.wav in Resources */,
				AAAABBBB0000000000000032 /* Sounds/wailing.wav in Resources */,
				AAAABBBB0000000000000034 /* Sounds/wake-up.wav in Resources */,
				AAAABBBB0000000000000033 /* Sounds/whistling.wav in Resources */,
			);
			runOnlyForDeploymentPostprocessing = 0;
		};
/* End PBXResourcesBuildPhase section */

/* Begin PBXSourcesBuildPhase section */
		EEEEEEEE0000000000000005 /* Sources */ = {
			isa = PBXSourcesBuildPhase;
			buildActionMask = 2147483647;
			files = (
				AAAABBBB0000000000000011 /* TockApp.swift in Sources */,
				AAAABBBB0000000000000017 /* AppDelegate.swift in Sources */,
				AAAABBBB0000000000000012 /* TockModel.swift in Sources */,
				AAAABBBB0000000000000013 /* TockMenuView.swift in Sources */,
				AAAABBBB0000000000000020 /* TockSettings.swift in Sources */,
				AAAABBBB0000000000000021 /* TockSettingsView.swift in Sources */,
				AAAABBBB0000000000000035 /* Hotkey.swift in Sources */,
				AAAABBBB0000000000000036 /* HotkeyAction.swift in Sources */,
				AAAABBBB0000000000000038 /* KeyboardShortcutsNames.swift in Sources */,
				AAAABBBB000000000000003A /* KeyboardShortcutsRecorderRepresentable.swift in Sources */,
				AAAABBBB0000000000000027 /* SettingsWindowController.swift in Sources */,
				AAAABBBB0000000000000018 /* MenuDismissAction.swift in Sources */,
				AAAABBBB0000000000000040 /* NotificationIdentifiers.swift in Sources */,
			);
			runOnlyForDeploymentPostprocessing = 0;
		};
/* End PBXSourcesBuildPhase section */

/* Begin XCBuildConfiguration section */
		C3C3C3C300000000000000C3 /* Debug */ = {
			isa = XCBuildConfiguration;
			buildSettings = {
				ALWAYS_SEARCH_USER_PATHS = NO;
				CLANG_WARN_BLOCK_CAPTURE_AUTORELEASING = YES;
				CLANG_WARN_BOOL_CONVERSION = YES;
				CLANG_WARN_COMMA = YES;
				CLANG_WARN_CONSTANT_CONVERSION = YES;
				CLANG_WARN_DEPRECATED_OBJC_IMPLEMENTATIONS = YES;
				CLANG_WARN_EMPTY_BODY = YES;
				CLANG_WARN_ENUM_CONVERSION = YES;
				CLANG_WARN_INFINITE_RECURSION = YES;
				CLANG_WARN_INT_CONVERSION = YES;
				CLANG_WARN_NON_LITERAL_NULL_CONVERSION = YES;
				CLANG_WARN_OBJC_IMPLICIT_RETAIN_SELF = YES;
				CLANG_WARN_OBJC_LITERAL_CONVERSION = YES;
				CLANG_WARN_QUOTED_INCLUDE_IN_FRAMEWORK_HEADER = YES;
				CLANG_WARN_RANGE_LOOP_ANALYSIS = YES;
				CLANG_WARN_STRICT_PROTOTYPES = YES;
				CLANG_WARN_SUSPICIOUS_MOVE = YES;
				CLANG_WARN_UNREACHABLE_CODE = YES;
				CLANG_WARN__DUPLICATE_METHOD_MATCH = YES;
				CODE_SIGN_STYLE = Automatic;
				CURRENT_PROJECT_VERSION = 1;
				DEAD_CODE_STRIPPING = YES;
				DEVELOPMENT_TEAM = "";
				ENABLE_HARDENED_RUNTIME = YES;
				ENABLE_STRICT_OBJC_MSGSEND = YES;
				ENABLE_TESTABILITY = YES;
				ENABLE_USER_SCRIPT_SANDBOXING = YES;
				GCC_NO_COMMON_BLOCKS = YES;
				GCC_WARN_64_TO_32_BIT_CONVERSION = YES;
				GCC_WARN_ABOUT_RETURN_TYPE = YES;
				GCC_WARN_UNDECLARED_SELECTOR = YES;
				GCC_WARN_UNINITIALIZED_AUTOS = YES;
				GCC_WARN_UNUSED_FUNCTION = YES;
				GCC_WARN_UNUSED_VARIABLE = YES;
				INFOPLIST_FILE = Tock/Info.plist;
				MACOSX_DEPLOYMENT_TARGET = 14.0;
				ONLY_ACTIVE_ARCH = YES;
				PRODUCT_BUNDLE_IDENTIFIER = com.nicoestreba.relo;
				PRODUCT_NAME = Relo;
				STRING_CATALOG_GENERATE_SYMBOLS = YES;
				SWIFT_OPTIMIZATION_LEVEL = "-Onone";
				SWIFT_VERSION = 5.0;
			};
			name = Debug;
		};
		C4C4C4C400000000000000C4 /* Release */ = {
			isa = XCBuildConfiguration;
			buildSettings = {
				ALWAYS_SEARCH_USER_PATHS = NO;
				CLANG_WARN_BLOCK_CAPTURE_AUTORELEASING = YES;
				CLANG_WARN_BOOL_CONVERSION = YES;
				CLANG_WARN_COMMA = YES;
				CLANG_WARN_CONSTANT_CONVERSION = YES;
				CLANG_WARN_DEPRECATED_OBJC_IMPLEMENTATIONS = YES;
				CLANG_WARN_EMPTY_BODY = YES;
				CLANG_WARN_ENUM_CONVERSION = YES;
				CLANG_WARN_INFINITE_RECURSION = YES;
				CLANG_WARN_INT_CONVERSION = YES;
				CLANG_WARN_NON_LITERAL_NULL_CONVERSION = YES;
				CLANG_WARN_OBJC_IMPLICIT_RETAIN_SELF = YES;
				CLANG_WARN_OBJC_LITERAL_CONVERSION = YES;
				CLANG_WARN_QUOTED_INCLUDE_IN_FRAMEWORK_HEADER = YES;
				CLANG_WARN_RANGE_LOOP_ANALYSIS = YES;
				CLANG_WARN_STRICT_PROTOTYPES = YES;
				CLANG_WARN_SUSPICIOUS_MOVE = YES;
				CLANG_WARN_UNREACHABLE_CODE = YES;
				CLANG_WARN__DUPLICATE_METHOD_MATCH = YES;
				CODE_SIGN_STYLE = Automatic;
				CURRENT_PROJECT_VERSION = 1;
				DEAD_CODE_STRIPPING = YES;
				DEVELOPMENT_TEAM = "";
				ENABLE_HARDENED_RUNTIME = YES;
				ENABLE_STRICT_OBJC_MSGSEND = YES;
				ENABLE_USER_SCRIPT_SANDBOXING = YES;
				GCC_NO_COMMON_BLOCKS = YES;
				GCC_WARN_64_TO_32_BIT_CONVERSION = YES;
				GCC_WARN_ABOUT_RETURN_TYPE = YES;
				GCC_WARN_UNDECLARED_SELECTOR = YES;
				GCC_WARN_UNINITIALIZED_AUTOS = YES;
				GCC_WARN_UNUSED_FUNCTION = YES;
				GCC_WARN_UNUSED_VARIABLE = YES;
				INFOPLIST_FILE = Tock/Info.plist;
				MACOSX_DEPLOYMENT_TARGET = 14.0;
				PRODUCT_BUNDLE_IDENTIFIER = com.nicoestreba.relo;
				PRODUCT_NAME = Relo;
				STRING_CATALOG_GENERATE_SYMBOLS = YES;
				SWIFT_COMPILATION_MODE = wholemodule;
				SWIFT_VERSION = 5.0;
			};
			name = Release;
		};
		C5C5C5C500000000000000C5 /* Debug */ = {
			isa = XCBuildConfiguration;
			buildSettings = {
				ALWAYS_SEARCH_USER_PATHS = NO;
				CLANG_ENABLE_OBJC_WEAK = YES;
				CODE_SIGN_STYLE = Automatic;
				CURRENT_PROJECT_VERSION = 2;
				DEAD_CODE_STRIPPING = YES;
				DEVELOPMENT_TEAM = ZV8Y3893Y7;
				ENABLE_HARDENED_RUNTIME = YES;
				INFOPLIST_FILE = Tock/Info.plist;
				MACOSX_DEPLOYMENT_TARGET = 14.0;
				MARKETING_VERSION = 1.0.1;
				PRODUCT_BUNDLE_IDENTIFIER = com.nicoestreba.relo;
				PRODUCT_NAME = Relo;
				SWIFT_OPTIMIZATION_LEVEL = "-Onone";
				SWIFT_VERSION = 5.0;
			};
			name = Debug;
		};
		C6C6C6C600000000000000C6 /* Release */ = {
			isa = XCBuildConfiguration;
			buildSettings = {
				ALWAYS_SEARCH_USER_PATHS = NO;
				CLANG_ENABLE_OBJC_WEAK = YES;
				CODE_SIGN_IDENTITY = "Apple Development";
				CODE_SIGN_STYLE = Automatic;
				CURRENT_PROJECT_VERSION = 2;
				DEAD_CODE_STRIPPING = YES;
				DEBUG_INFORMATION_FORMAT = "dwarf-with-dsym";
				DEVELOPMENT_TEAM = ZV8Y3893Y7;
				ENABLE_APP_SANDBOX = YES;
				ENABLE_HARDENED_RUNTIME = YES;
				ENABLE_INCOMING_NETWORK_CONNECTIONS = NO;
				ENABLE_OUTGOING_NETWORK_CONNECTIONS = NO;
				ENABLE_RESOURCE_ACCESS_AUDIO_INPUT = NO;
				ENABLE_RESOURCE_ACCESS_BLUETOOTH = NO;
				ENABLE_RESOURCE_ACCESS_CALENDARS = NO;
				ENABLE_RESOURCE_ACCESS_CAMERA = NO;
				ENABLE_RESOURCE_ACCESS_CONTACTS = NO;
				ENABLE_RESOURCE_ACCESS_LOCATION = NO;
				ENABLE_RESOURCE_ACCESS_PRINTING = NO;
				ENABLE_RESOURCE_ACCESS_USB = NO;
				INFOPLIST_FILE = Tock/Info.plist;
				MACOSX_DEPLOYMENT_TARGET = 14.0;
				MARKETING_VERSION = 1.0.1;
				PRODUCT_BUNDLE_IDENTIFIER = com.nicoestreba.relo;
				PRODUCT_NAME = Relo;
				PROVISIONING_PROFILE_SPECIFIER = "";
				SWIFT_VERSION = 5.0;
			};
			name = Release;
		};
/* End XCBuildConfiguration section */

/* Begin XCConfigurationList section */
		C1C1C1C100000000000000C1 /* Build configuration list for PBXProject "Tock" */ = {
			isa = XCConfigurationList;
			buildConfigurations = (
				C3C3C3C300000000000000C3 /* Debug */,
				C4C4C4C400000000000000C4 /* Release */,
			);
			defaultConfigurationIsVisible = 0;
			defaultConfigurationName = Debug;
		};
		C2C2C2C200000000000000C2 /* Build configuration list for PBXNativeTarget "Tock" */ = {
			isa = XCConfigurationList;
			buildConfigurations = (
				C5C5C5C500000000000000C5 /* Debug */,
				C6C6C6C600000000000000C6 /* Release */,
			);
			defaultConfigurationIsVisible = 0;
			defaultConfigurationName = Debug;
		};
/* End XCConfigurationList section */

/* Begin XCRemoteSwiftPackageReference section */
		3B3B3B3B000000000000003B /* XCRemoteSwiftPackageReference "KeyboardShortcuts" */ = {
			isa = XCRemoteSwiftPackageReference;
			repositoryURL = "https://github.com/sindresorhus/KeyboardShortcuts";
			requirement = {
				kind = upToNextMajorVersion;
				minimumVersion = 1.16.0;
			};
		};
/* End XCRemoteSwiftPackageReference section */

/* Begin XCSwiftPackageProductDependency section */
		3A3A3A3A000000000000003A /* KeyboardShortcuts */ = {
			isa = XCSwiftPackageProductDependency;
			package = 3B3B3B3B000000000000003B /* XCRemoteSwiftPackageReference "KeyboardShortcuts" */;
			productName = KeyboardShortcuts;
		};
/* End XCSwiftPackageProductDependency section */
	};
	rootObject = AAAAAAAA0000000000000001 /* Project object */;
}
